// !$*UTF8*$!
{
	archiveVersion = 1;
	classes = {
	};
	objectVersion = 55;
	objects = {

/* Begin PBXBuildFile section */
		19806A78277CE8270039175B /* AppDelegate.swift in Sources */ = {isa = PBXBuildFile; fileRef = 19806A77277CE8270039175B /* AppDelegate.swift */; };
		19806A7A277CE8270039175B /* SceneDelegate.swift in Sources */ = {isa = PBXBuildFile; fileRef = 19806A79277CE8270039175B /* SceneDelegate.swift */; };
		19806A7F277CE8270039175B /* Main.storyboard in Resources */ = {isa = PBXBuildFile; fileRef = 19806A7D277CE8270039175B /* Main.storyboard */; };
		19806A81277CE82A0039175B /* Assets.xcassets in Resources */ = {isa = PBXBuildFile; fileRef = 19806A80277CE82A0039175B /* Assets.xcassets */; };
		19806A84277CE82A0039175B /* LaunchScreen.storyboard in Resources */ = {isa = PBXBuildFile; fileRef = 19806A82277CE82A0039175B /* LaunchScreen.storyboard */; };
		19806A8C277CE9210039175B /* FirstTableViewController.swift in Sources */ = {isa = PBXBuildFile; fileRef = 19806A8B277CE9210039175B /* FirstTableViewController.swift */; };
		19806A8E277CE9DB0039175B /* DataManager.swift in Sources */ = {isa = PBXBuildFile; fileRef = 19806A8D277CE9DB0039175B /* DataManager.swift */; };
		19806A90277CEA080039175B /* Person.swift in Sources */ = {isa = PBXBuildFile; fileRef = 19806A8F277CEA080039175B /* Person.swift */; };
		19806A92277CFB5C0039175B /* DetaleViewController.swift in Sources */ = {isa = PBXBuildFile; fileRef = 19806A91277CFB5C0039175B /* DetaleViewController.swift */; };
		19806A94277CFE970039175B /* SecondTableViewController.swift in Sources */ = {isa = PBXBuildFile; fileRef = 19806A93277CFE970039175B /* SecondTableViewController.swift */; };
		19806A96277D00340039175B /* MainTabBarController.swift in Sources */ = {isa = PBXBuildFile; fileRef = 19806A95277D00340039175B /* MainTabBarController.swift */; };
/* End PBXBuildFile section */

/* Begin PBXFileReference section */
		19806A74277CE8270039175B /* HW207.app */ = {isa = PBXFileReference; explicitFileType = wrapper.application; includeInIndex = 0; path = HW207.app; sourceTree = BUILT_PRODUCTS_DIR; };
		19806A77277CE8270039175B /* AppDelegate.swift */ = {isa = PBXFileReference; lastKnownFileType = sourcecode.swift; path = AppDelegate.swift; sourceTree = "<group>"; };
		19806A79277CE8270039175B /* SceneDelegate.swift */ = {isa = PBXFileReference; lastKnownFileType = sourcecode.swift; path = SceneDelegate.swift; sourceTree = "<group>"; };
		19806A7E277CE8270039175B /* Base */ = {isa = PBXFileReference; lastKnownFileType = file.storyboard; name = Base; path = Base.lproj/Main.storyboard; sourceTree = "<group>"; };
		19806A80277CE82A0039175B /* Assets.xcassets */ = {isa = PBXFileReference; lastKnownFileType = folder.assetcatalog; path = Assets.xcassets; sourceTree = "<group>"; };
		19806A83277CE82A0039175B /* Base */ = {isa = PBXFileReference; lastKnownFileType = file.storyboard; name = Base; path = Base.lproj/LaunchScreen.storyboard; sourceTree = "<group>"; };
		19806A85277CE82A0039175B /* Info.plist */ = {isa = PBXFileReference; lastKnownFileType = text.plist.xml; path = Info.plist; sourceTree = "<group>"; };
		19806A8B277CE9210039175B /* FirstTableViewController.swift */ = {isa = PBXFileReference; lastKnownFileType = sourcecode.swift; path = FirstTableViewController.swift; sourceTree = "<group>"; };
		19806A8D277CE9DB0039175B /* DataManager.swift */ = {isa = PBXFileReference; lastKnownFileType = sourcecode.swift; path = DataManager.swift; sourceTree = "<group>"; };
		19806A8F277CEA080039175B /* Person.swift */ = {isa = PBXFileReference; lastKnownFileType = sourcecode.swift; path = Person.swift; sourceTree = "<group>"; };
		19806A91277CFB5C0039175B /* DetaleViewController.swift */ = {isa = PBXFileReference; lastKnownFileType = sourcecode.swift; path = DetaleViewController.swift; sourceTree = "<group>"; };
		19806A93277CFE970039175B /* SecondTableViewController.swift */ = {isa = PBXFileReference; lastKnownFileType = sourcecode.swift; path = SecondTableViewController.swift; sourceTree = "<group>"; };
		19806A95277D00340039175B /* MainTabBarController.swift */ = {isa = PBXFileReference; lastKnownFileType = sourcecode.swift; path = MainTabBarController.swift; sourceTree = "<group>"; };
/* End PBXFileReference section */

/* Begin PBXFrameworksBuildPhase section */
		19806A71277CE8270039175B /* Frameworks */ = {
			isa = PBXFrameworksBuildPhase;
			buildActionMask = 2147483647;
			files = (
			);
			runOnlyForDeploymentPostprocessing = 0;
		};
/* End PBXFrameworksBuildPhase section */

/* Begin PBXGroup section */
		19806A6B277CE8270039175B = {
			isa = PBXGroup;
			children = (
				19806A76277CE8270039175B /* HW207 */,
				19806A75277CE8270039175B /* Products */,
			);
			sourceTree = "<group>";
		};
		19806A75277CE8270039175B /* Products */ = {
			isa = PBXGroup;
			children = (
				19806A74277CE8270039175B /* HW207.app */,
			);
			name = Products;
			sourceTree = "<group>";
		};
		19806A76277CE8270039175B /* HW207 */ = {
			isa = PBXGroup;
			children = (
				19806A77277CE8270039175B /* AppDelegate.swift */,
				19806A79277CE8270039175B /* SceneDelegate.swift */,
				19806A95277D00340039175B /* MainTabBarController.swift */,
				19806A8B277CE9210039175B /* FirstTableViewController.swift */,
				19806A91277CFB5C0039175B /* DetaleViewController.swift */,
				19806A93277CFE970039175B /* SecondTableViewController.swift */,
				19806A8D277CE9DB0039175B /* DataManager.swift */,
				19806A8F277CEA080039175B /* Person.swift */,
				19806A7D277CE8270039175B /* Main.storyboard */,
				19806A80277CE82A0039175B /* Assets.xcassets */,
				19806A82277CE82A0039175B /* LaunchScreen.storyboard */,
				19806A85277CE82A0039175B /* Info.plist */,
			);
			path = HW207;
			sourceTree = "<group>";
		};
/* End PBXGroup section */

/* Begin PBXNativeTarget section */
		19806A73277CE8270039175B /* HW207 */ = {
			isa = PBXNativeTarget;
			buildConfigurationList = 19806A88277CE82A0039175B /* Build configuration list for PBXNativeTarget "HW207" */;
			buildPhases = (
				19806A70277CE8270039175B /* Sources */,
				19806A71277CE8270039175B /* Frameworks */,
				19806A72277CE8270039175B /* Resources */,
			);
			buildRules = (
			);
			dependencies = (
			);
			name = HW207;
			productName = HW207;
			productReference = 19806A74277CE8270039175B /* HW207.app */;
			productType = "com.apple.product-type.application";
		};
/* End PBXNativeTarget section */

/* Begin PBXProject section */
		19806A6C277CE8270039175B /* Project object */ = {
			isa = PBXProject;
			attributes = {
				BuildIndependentTargetsInParallel = 1;
				LastSwiftUpdateCheck = 1310;
				LastUpgradeCheck = 1310;
				TargetAttributes = {
					19806A73277CE8270039175B = {
						CreatedOnToolsVersion = 13.1;
					};
				};
			};
			buildConfigurationList = 19806A6F277CE8270039175B /* Build configuration list for PBXProject "HW207" */;
			compatibilityVersion = "Xcode 13.0";
			developmentRegion = en;
			hasScannedForEncodings = 0;
			knownRegions = (
				en,
				Base,
			);
			mainGroup = 19806A6B277CE8270039175B;
			productRefGroup = 19806A75277CE8270039175B /* Products */;
			projectDirPath = "";
			projectRoot = "";
			targets = (
				19806A73277CE8270039175B /* HW207 */,
			);
		};
/* End PBXProject section */

/* Begin PBXResourcesBuildPhase section */
		19806A72277CE8270039175B /* Resources */ = {
			isa = PBXResourcesBuildPhase;
			buildActionMask = 2147483647;
			files = (
				19806A84277CE82A0039175B /* LaunchScreen.storyboard in Resources */,
				19806A81277CE82A0039175B /* Assets.xcassets in Resources */,
				19806A7F277CE8270039175B /* Main.storyboard in Resources */,
			);
			runOnlyForDeploymentPostprocessing = 0;
		};
/* End PBXResourcesBuildPhase section */

/* Begin PBXSourcesBuildPhase section */
		19806A70277CE8270039175B /* Sources */ = {
			isa = PBXSourcesBuildPhase;
			buildActionMask = 2147483647;
			files = (
				19806A90277CEA080039175B /* Person.swift in Sources */,
				19806A78277CE8270039175B /* AppDelegate.swift in Sources */,
				19806A96277D00340039175B /* MainTabBarController.swift in Sources */,
				19806A8E277CE9DB0039175B /* DataManager.swift in Sources */,
				19806A92277CFB5C0039175B /* DetaleViewController.swift in Sources */,
				19806A94277CFE970039175B /* SecondTableViewController.swift in Sources */,
				19806A7A277CE8270039175B /* SceneDelegate.swift in Sources */,
				19806A8C277CE9210039175B /* FirstTableViewController.swift in Sources */,
			);
			runOnlyForDeploymentPostprocessing = 0;
		};
/* End PBXSourcesBuildPhase section */

/* Begin PBXVariantGroup section */
		19806A7D277CE8270039175B /* Main.storyboard */ = {
			isa = PBXVariantGroup;
			children = (
				19806A7E277CE8270039175B /* Base */,
			);
			name = Main.storyboard;
			sourceTree = "<group>";
		};
		19806A82277CE82A0039175B /* LaunchScreen.storyboard */ = {
			isa = PBXVariantGroup;
			children = (
				19806A83277CE82A0039175B /* Base */,
			);
			name = LaunchScreen.storyboard;
			sourceTree = "<group>";
		};
/* End PBXVariantGroup section */

/* Begin XCBuildConfiguration section */
		19806A86277CE82A0039175B /* Debug */ = {
			isa = XCBuildConfiguration;
			buildSettings = {
				ALWAYS_SEARCH_USER_PATHS = NO;
				CLANG_ANALYZER_NONNULL = YES;
				CLANG_ANALYZER_NUMBER_OBJECT_CONVERSION = YES_AGGRESSIVE;
				CLANG_CXX_LANGUAGE_STANDARD = "gnu++17";
				CLANG_CXX_LIBRARY = "libc++";
				CLANG_ENABLE_MODULES = YES;
				CLANG_ENABLE_OBJC_ARC = YES;
				CLANG_ENABLE_OBJC_WEAK = YES;
				CLANG_WARN_BLOCK_CAPTURE_AUTORELEASING = YES;
				CLANG_WARN_BOOL_CONVERSION = YES;
				CLANG_WARN_COMMA = YES;
				CLANG_WARN_CONSTANT_CONVERSION = YES;
				CLANG_WARN_DEPRECATED_OBJC_IMPLEMENTATIONS = YES;
				CLANG_WARN_DIRECT_OBJC_ISA_USAGE = YES_ERROR;
				CLANG_WARN_DOCUMENTATION_COMMENTS = YES;
				CLANG_WARN_EMPTY_BODY = YES;
				CLANG_WARN_ENUM_CONVERSION = YES;
				CLANG_WARN_INFINITE_RECURSION = YES;
				CLANG_WARN_INT_CONVERSION = YES;
				CLANG_WARN_NON_LITERAL_NULL_CONVERSION = YES;
				CLANG_WARN_OBJC_IMPLICIT_RETAIN_SELF = YES;
				CLANG_WARN_OBJC_LITERAL_CONVERSION = YES;
				CLANG_WARN_OBJC_ROOT_CLASS = YES_ERROR;
				CLANG_WARN_QUOTED_INCLUDE_IN_FRAMEWORK_HEADER = YES;
				CLANG_WARN_RANGE_LOOP_ANALYSIS = YES;
				CLANG_WARN_STRICT_PROTOTYPES = YES;
				CLANG_WARN_SUSPICIOUS_MOVE = YES;
				CLANG_WARN_UNGUARDED_AVAILABILITY = YES_AGGRESSIVE;
				CLANG_WARN_UNREACHABLE_CODE = YES;
				CLANG_WARN__DUPLICATE_METHOD_MATCH = YES;
				COPY_PHASE_STRIP = NO;
				DEBUG_INFORMATION_FORMAT = dwarf;
				ENABLE_STRICT_OBJC_MSGSEND = YES;
				ENABLE_TESTABILITY = YES;
				GCC_C_LANGUAGE_STANDARD = gnu11;
				GCC_DYNAMIC_NO_PIC = NO;
				GCC_NO_COMMON_BLOCKS = YES;
				GCC_OPTIMIZATION_LEVEL = 0;
				GCC_PREPROCESSOR_DEFINITIONS = (
					"DEBUG=1",
					"$(inherited)",
				);
				GCC_WARN_64_TO_32_BIT_CONVERSION = YES;
				GCC_WARN_ABOUT_RETURN_TYPE = YES_ERROR;
				GCC_WARN_UNDECLARED_SELECTOR = YES;
				GCC_WARN_UNINITIALIZED_AUTOS = YES_AGGRESSIVE;
				GCC_WARN_UNUSED_FUNCTION = YES;
				GCC_WARN_UNUSED_VARIABLE = YES;
				IPHONEOS_DEPLOYMENT_TARGET = 15.0;
				MTL_ENABLE_DEBUG_INFO = INCLUDE_SOURCE;
				MTL_FAST_MATH = YES;
				ONLY_ACTIVE_ARCH = YES;
				SDKROOT = iphoneos;
				SWIFT_ACTIVE_COMPILATION_CONDITIONS = DEBUG;
				SWIFT_OPTIMIZATION_LEVEL = "-Onone";
			};
			name = Debug;
		};
		19806A87277CE82A0039175B /* Release */ = {
			isa = XCBuildConfiguration;
			buildSettings = {
				ALWAYS_SEARCH_USER_PATHS = NO;
				CLANG_ANALYZER_NONNULL = YES;
				CLANG_ANALYZER_NUMBER_OBJECT_CONVERSION = YES_AGGRESSIVE;
				CLANG_CXX_LANGUAGE_STANDARD = "gnu++17";
				CLANG_CXX_LIBRARY = "libc++";
				CLANG_ENABLE_MODULES = YES;
				CLANG_ENABLE_OBJC_ARC = YES;
				CLANG_ENABLE_OBJC_WEAK = YES;
				CLANG_WARN_BLOCK_CAPTURE_AUTORELEASING = YES;
				CLANG_WARN_BOOL_CONVERSION = YES;
				CLANG_WARN_COMMA = YES;
				CLANG_WARN_CONSTANT_CONVERSION = YES;
				CLANG_WARN_DEPRECATED_OBJC_IMPLEMENTATIONS = YES;
				CLANG_WARN_DIRECT_OBJC_ISA_USAGE = YES_ERROR;
				CLANG_WARN_DOCUMENTATION_COMMENTS = YES;
				CLANG_WARN_EMPTY_BODY = YES;
				CLANG_WARN_ENUM_CONVERSION = YES;
				CLANG_WARN_INFINITE_RECURSION = YES;
				CLANG_WARN_INT_CONVERSION = YES;
				CLANG_WARN_NON_LITERAL_NULL_CONVERSION = YES;
				CLANG_WARN_OBJC_IMPLICIT_RETAIN_SELF = YES;
				CLANG_WARN_OBJC_LITERAL_CONVERSION = YES;
				CLANG_WARN_OBJC_ROOT_CLASS = YES_ERROR;
				CLANG_WARN_QUOTED_INCLUDE_IN_FRAMEWORK_HEADER = YES;
				CLANG_WARN_RANGE_LOOP_ANALYSIS = YES;
				CLANG_WARN_STRICT_PROTOTYPES = YES;
				CLANG_WARN_SUSPICIOUS_MOVE = YES;
				CLANG_WARN_UNGUARDED_AVAILABILITY = YES_AGGRESSIVE;
				CLANG_WARN_UNREACHABLE_CODE = YES;
				CLANG_WARN__DUPLICATE_METHOD_MATCH = YES;
				COPY_PHASE_STRIP = NO;
				DEBUG_INFORMATION_FORMAT = "dwarf-with-dsym";
				ENABLE_NS_ASSERTIONS = NO;
				ENABLE_STRICT_OBJC_MSGSEND = YES;
				GCC_C_LANGUAGE_STANDARD = gnu11;
				GCC_NO_COMMON_BLOCKS = YES;
				GCC_WARN_64_TO_32_BIT_CONVERSION = YES;
				GCC_WARN_ABOUT_RETURN_TYPE = YES_ERROR;
				GCC_WARN_UNDECLARED_SELECTOR = YES;
				GCC_WARN_UNINITIALIZED_AUTOS = YES_AGGRESSIVE;
				GCC_WARN_UNUSED_FUNCTION = YES;
				GCC_WARN_UNUSED_VARIABLE = YES;
				IPHONEOS_DEPLOYMENT_TARGET = 15.0;
				MTL_ENABLE_DEBUG_INFO = NO;
				MTL_FAST_MATH = YES;
				SDKROOT = iphoneos;
				SWIFT_COMPILATION_MODE = wholemodule;
				SWIFT_OPTIMIZATION_LEVEL = "-O";
				VALIDATE_PRODUCT = YES;
			};
			name = Release;
		};
		19806A89277CE82A0039175B /* Debug */ = {
			isa = XCBuildConfiguration;
			buildSettings = {
				ASSETCATALOG_COMPILER_APPICON_NAME = AppIcon;
				ASSETCATALOG_COMPILER_GLOBAL_ACCENT_COLOR_NAME = AccentColor;
				CODE_SIGN_STYLE = Automatic;
				CURRENT_PROJECT_VERSION = 1;
				DEVELOPMENT_TEAM = LZN9MNW3NF;
				GENERATE_INFOPLIST_FILE = YES;
				INFOPLIST_FILE = HW207/Info.plist;
				INFOPLIST_KEY_UIApplicationSupportsIndirectInputEvents = YES;
				INFOPLIST_KEY_UILaunchStoryboardName = LaunchScreen;
				INFOPLIST_KEY_UIMainStoryboardFile = Main;
				INFOPLIST_KEY_UISupportedInterfaceOrientations_iPad = "UIInterfaceOrientationPortrait UIInterfaceOrientationPortraitUpsideDown UIInterfaceOrientationLandscapeLeft UIInterfaceOrientationLandscapeRight";
				INFOPLIST_KEY_UISupportedInterfaceOrientations_iPhone = "UIInterfaceOrientationPortrait UIInterfaceOrientationLandscapeLeft UIInterfaceOrientationLandscapeRight";
				LD_RUNPATH_SEARCH_PATHS = (
					"$(inherited)",
					"@executable_path/Frameworks",
				);
				MARKETING_VERSION = 1.0;
				PRODUCT_BUNDLE_IDENTIFIER = com.dmitriiOnegin.HW207;
				PRODUCT_NAME = "$(TARGET_NAME)";
				SWIFT_EMIT_LOC_STRINGS = YES;
				SWIFT_VERSION = 5.0;
				TARGETED_DEVICE_FAMILY = "1,2";
			};
			name = Debug;
		};
		19806A8A277CE82A0039175B /* Release */ = {
			isa = XCBuildConfiguration;
			buildSettings = {
				ASSETCATALOG_COMPILER_APPICON_NAME = AppIcon;
				ASSETCATALOG_COMPILER_GLOBAL_ACCENT_COLOR_NAME = AccentColor;
				CODE_SIGN_STYLE = Automatic;
				CURRENT_PROJECT_VERSION = 1;
				DEVELOPMENT_TEAM = LZN9MNW3NF;
				GENERATE_INFOPLIST_FILE = YES;
				INFOPLIST_FILE = HW207/Info.plist;
				INFOPLIST_KEY_UIApplicationSupportsIndirectInputEvents = YES;
				INFOPLIST_KEY_UILaunchStoryboardName = LaunchScreen;
				INFOPLIST_KEY_UIMainStoryboardFile = Main;
				INFOPLIST_KEY_UISupportedInterfaceOrientations_iPad = "UIInterfaceOrientationPortrait UIInterfaceOrientationPortraitUpsideDown UIInterfaceOrientationLandscapeLeft UIInterfaceOrientationLandscapeRight";
				INFOPLIST_KEY_UISupportedInterfaceOrientations_iPhone = "UIInterfaceOrientationPortrait UIInterfaceOrientationLandscapeLeft UIInterfaceOrientationLandscapeRight";
				LD_RUNPATH_SEARCH_PATHS = (
					"$(inherited)",
					"@executable_path/Frameworks",
				);
				MARKETING_VERSION = 1.0;
				PRODUCT_BUNDLE_IDENTIFIER = com.dmitriiOnegin.HW207;
				PRODUCT_NAME = "$(TARGET_NAME)";
				SWIFT_EMIT_LOC_STRINGS = YES;
				SWIFT_VERSION = 5.0;
				TARGETED_DEVICE_FAMILY = "1,2";
			};
			name = Release;
		};
/* End XCBuildConfiguration section */

/* Begin XCConfigurationList section */
		19806A6F277CE8270039175B /* Build configuration list for PBXProject "HW207" */ = {
			isa = XCConfigurationList;
			buildConfigurations = (
				19806A86277CE82A0039175B /* Debug */,
				19806A87277CE82A0039175B /* Release */,
			);
			defaultConfigurationIsVisible = 0;
			defaultConfigurationName = Release;
		};
		19806A88277CE82A0039175B /* Build configuration list for PBXNativeTarget "HW207" */ = {
			isa = XCConfigurationList;
			buildConfigurations = (
				19806A89277CE82A0039175B /* Debug */,
				19806A8A277CE82A0039175B /* Release */,
			);
			defaultConfigurationIsVisible = 0;
			defaultConfigurationName = Release;
		};
/* End XCConfigurationList section */
	};
	rootObject = 19806A6C277CE8270039175B /* Project object */;
}
